
Microsoft Visual Studio Solution File, Format Version 12.00
# Visual Studio Version 17
VisualStudioVersion = 17.8.34408.163
MinimumVisualStudioVersion = 10.0.40219.1
Project("{FAE04EC0-301F-11D3-BF4B-00C04F79EFBC}") = "kkkkd", "kkkkd\kkkkd.csproj", "{5ACEACE7-E2B6-43EB-88CF-EB04E9AE1108}"
EndProject
Global
	GlobalSection(SolutionConfigurationPlatforms) = preSolution
		Debug|Any CPU = Debug|Any CPU
		Release|Any CPU = Release|Any CPU
	EndGlobalSection
	GlobalSection(ProjectConfigurationPlatforms) = postSolution
		{5ACEACE7-E2B6-43EB-88CF-EB04E9AE1108}.Debug|Any CPU.ActiveCfg = Debug|Any CPU
		{5ACEACE7-E2B6-43EB-88CF-EB04E9AE1108}.Debug|Any CPU.Build.0 = Debug|Any CPU
		{5ACEACE7-E2B6-43EB-88CF-EB04E9AE1108}.Release|Any CPU.ActiveCfg = Release|Any CPU
		{5ACEACE7-E2B6-43EB-88CF-EB04E9AE1108}.Release|Any CPU.Build.0 = Release|Any CPU
	EndGlobalSection
	GlobalSection(SolutionProperties) = preSolution
		HideSolutionNode = FALSE
	EndGlobalSection
	GlobalSection(ExtensibilityGlobals) = postSolution
		SolutionGuid = {B50A4F57-0F1E-4186-A8B5-FDCCD187250B}
	EndGlobalSection
EndGlobal
